{
  "name": "html5up-directive",
  "lockfileVersion": 3,
  "requires": true,
  "packages": {
    "": {
      "dependencies": {
        "@sweetalert2/themes": "^5.0.16",
        "sweetalert2": "^11.10.6"
      }
    },
    "node_modules/@sweetalert2/themes": {
      "version": "5.0.16",
      "resolved": "https://registry.npmjs.org/@sweetalert2/themes/-/themes-5.0.16.tgz",
      "integrity": "sha512-0RR8WcJO/4iDjrHPYPNAgpM79pN3ogWhS8qCBspH73mehUzExx+kni1cP5aS/AFBhhiKuM77S8CRXJSGh/bXHg==",
      "peerDependencies": {
        "sweetalert2": "^11.0.0"
      }
    },
    "node_modules/sweetalert2": {
      "version": "11.10.6",
      "resolved": "https://registry.npmjs.org/sweetalert2/-/sweetalert2-11.10.6.tgz",
      "integrity": "sha512-CINZPLZXZRSZqSOE7H7j1F7X8e8O1kLOiXPmtJn1DYxvXsKBr3d16d90+IcwTTs7dJww20h8r8QIxIwsLGX+6A==",
      "funding": {
        "type": "individual",
        "url": "https://github.com/sponsors/limonte"
      }
    }
  }
}
